<?xml version="1.0" encoding="UTF-8"?>
<!DOCTYPE plist PUBLIC "-//Apple//DTD PLIST 1.0//EN" "http://www.apple.com/DTDs/PropertyList-1.0.dtd">
<plist version="1.0">
<dict>
	<key>archiveVersion</key>
	<string>1</string>
	<key>classes</key>
	<dict/>
	<key>objectVersion</key>
	<string>56</string>
	<key>objects</key>
	<dict>
		<key>000000000000000000000001</key>
		<dict>
			<key>isa</key>
			<string>PBXGroup</string>
			<key>children</key>
			<array>
				<string>000000000000000000000002</string>
				<string>000000000000000000000011</string>
				<string>000000000000000000000016</string>
				<string>000000000000000000000026</string>
			</array>
			<key>sourceTree</key>
			<string>&lt;group&gt;</string>
		</dict>
		<key>000000000000000000000002</key>
		<dict>
			<key>isa</key>
			<string>PBXGroup</string>
			<key>children</key>
			<array>
				<string>000000000000000000000003</string>
				<string>000000000000000000000009</string>
				<string>00000000000000000000000B</string>
				<string>00000000000000000000000E</string>
				<string>000000000000000000000024</string>
			</array>
			<key>sourceTree</key>
			<string>&lt;group&gt;</string>
			<key>name</key>
			<string>Tests</string>
			<key>path</key>
			<string>.</string>
		</dict>
		<key>000000000000000000000003</key>
		<dict>
			<key>isa</key>
			<string>PBXGroup</string>
			<key>children</key>
			<array>
				<string>000000000000000000000004</string>
				<string>000000000000000000000006</string>
			</array>
			<key>sourceTree</key>
			<string>&lt;group&gt;</string>
			<key>path</key>
			<string>Notes</string>
		</dict>
		<key>000000000000000000000004</key>
		<dict>
			<key>isa</key>
			<string>PBXGroup</string>
			<key>children</key>
			<array>
				<string>000000000000000000000005</string>
			</array>
			<key>sourceTree</key>
			<string>&lt;group&gt;</string>
			<key>path</key>
			<string>Model</string>
		</dict>
		<key>000000000000000000000005</key>
		<dict>
			<key>isa</key>
			<string>PBXFileReference</string>
			<key>path</key>
			<string>DeletedNoteObjectTests.m</string>
			<key>sourceTree</key>
			<string>&lt;group&gt;</string>
			<key>lastKnownFileType</key>
			<string>sourcecode.c.objc</string>
		</dict>
		<key>000000000000000000000006</key>
		<dict>
			<key>isa</key>
			<string>PBXGroup</string>
			<key>children</key>
			<array>
				<string>000000000000000000000007</string>
			</array>
			<key>sourceTree</key>
			<string>&lt;group&gt;</string>
			<key>path</key>
			<string>Storage</string>
		</dict>
		<key>000000000000000000000007</key>
		<dict>
			<key>isa</key>
			<string>PBXGroup</string>
			<key>children</key>
			<array>
				<string>000000000000000000000008</string>
				<string>00000000000000000000000D</string>
			</array>
			<key>sourceTree</key>
			<string>&lt;group&gt;</string>
			<key>path</key>
			<string>Crypto</string>
		</dict>
		<key>000000000000000000000008</key>
		<dict>
			<key>isa</key>
			<string>PBXFileReference</string>
			<key>path</key>
			<string>CryptoCompatibilityTests.m</string>
			<key>sourceTree</key>
			<string>&lt;group&gt;</string>
			<key>lastKnownFileType</key>
			<string>sourcecode.c.objc</string>
		</dict>
		<key>000000000000000000000009</key>
		<dict>
			<key>isa</key>
			<string>PBXGroup</string>
			<key>children</key>
			<array>
				<string>00000000000000000000000A</string>
			</array>
			<key>sourceTree</key>
			<string>&lt;group&gt;</string>
			<key>path</key>
			<string>Preferences</string>
		</dict>
		<key>00000000000000000000000A</key>
		<dict>
			<key>isa</key>
			<string>PBXFileReference</string>
			<key>path</key>
			<string>PreferencesIsolationTests.m</string>
			<key>sourceTree</key>
			<string>&lt;group&gt;</string>
			<key>lastKnownFileType</key>
			<string>sourcecode.c.objc</string>
		</dict>
		<key>00000000000000000000000B</key>
		<dict>
			<key>isa</key>
			<string>PBXGroup</string>
			<key>children</key>
			<array>
				<string>00000000000000000000000C</string>
			</array>
			<key>sourceTree</key>
			<string>&lt;group&gt;</string>
			<key>path</key>
			<string>Application</string>
		</dict>
		<key>00000000000000000000000C</key>
		<dict>
			<key>isa</key>
			<string>PBXFileReference</string>
			<key>path</key>
			<string>CallbackTests.m</string>
			<key>sourceTree</key>
			<string>&lt;group&gt;</string>
			<key>lastKnownFileType</key>
			<string>sourcecode.c.objc</string>
		</dict>
		<key>00000000000000000000000D</key>
		<dict>
			<key>isa</key>
			<string>PBXFileReference</string>
			<key>path</key>
			<string>CryptoTests.m</string>
			<key>sourceTree</key>
			<string>&lt;group&gt;</string>
			<key>lastKnownFileType</key>
			<string>sourcecode.c.objc</string>
		</dict>
		<key>00000000000000000000000E</key>
		<dict>
			<key>isa</key>
			<string>PBXGroup</string>
			<key>children</key>
			<array>
				<string>00000000000000000000000F</string>
				<string>000000000000000000000010</string>
			</array>
			<key>sourceTree</key>
			<string>&lt;group&gt;</string>
			<key>path</key>
			<string>Editor</string>
		</dict>
		<key>00000000000000000000000F</key>
		<dict>
			<key>isa</key>
			<string>PBXFileReference</string>
			<key>path</key>
			<string>HyperlinkTests.m</string>
			<key>sourceTree</key>
			<string>&lt;group&gt;</string>
			<key>lastKnownFileType</key>
			<string>sourcecode.c.objc</string>
		</dict>
		<key>000000000000000000000010</key>
		<dict>
			<key>isa</key>
			<string>PBXFileReference</string>
			<key>path</key>
			<string>CursorTests.m</string>
			<key>sourceTree</key>
			<string>&lt;group&gt;</string>
			<key>lastKnownFileType</key>
			<string>sourcecode.c.objc</string>
		</dict>
		<key>000000000000000000000011</key>
		<dict>
			<key>isa</key>
			<string>PBXGroup</string>
			<key>children</key>
			<array>
				<string>000000000000000000000012</string>
			</array>
			<key>sourceTree</key>
			<string>&lt;group&gt;</string>
			<key>name</key>
			<string>build</string>
			<key>path</key>
			<string>../build</string>
		</dict>
		<key>000000000000000000000012</key>
		<dict>
			<key>isa</key>
			<string>PBXGroup</string>
			<key>children</key>
			<array>
				<string>000000000000000000000013</string>
				<string>000000000000000000000014</string>
				<string>000000000000000000000015</string>
				<string>00000000000000000000001B</string>
				<string>00000000000000000000001C</string>
			</array>
			<key>sourceTree</key>
			<string>&lt;group&gt;</string>
			<key>path</key>
			<string>generated-tests</string>
		</dict>
		<key>000000000000000000000013</key>
		<dict>
			<key>isa</key>
			<string>PBXFileReference</string>
			<key>path</key>
			<string>EditorCursor.m</string>
			<key>sourceTree</key>
			<string>&lt;group&gt;</string>
			<key>lastKnownFileType</key>
			<string>sourcecode.c.objc</string>
		</dict>
		<key>000000000000000000000014</key>
		<dict>
			<key>isa</key>
			<string>PBXFileReference</string>
			<key>path</key>
			<string>VolumeIdentity.m</string>
			<key>sourceTree</key>
			<string>&lt;group&gt;</string>
			<key>lastKnownFileType</key>
			<string>sourcecode.c.objc</string>
		</dict>
		<key>000000000000000000000015</key>
		<dict>
			<key>isa</key>
			<string>PBXFileReference</string>
			<key>path</key>
			<string>HyperlinkUnits.m</string>
			<key>sourceTree</key>
			<string>&lt;group&gt;</string>
			<key>lastKnownFileType</key>
			<string>sourcecode.c.objc</string>
		</dict>
		<key>000000000000000000000016</key>
		<dict>
			<key>isa</key>
			<string>PBXGroup</string>
			<key>children</key>
			<array>
				<string>000000000000000000000017</string>
			</array>
			<key>sourceTree</key>
			<string>&lt;group&gt;</string>
			<key>name</key>
			<string>Sources</string>
			<key>path</key>
			<string>../Sources</string>
		</dict>
		<key>000000000000000000000017</key>
		<dict>
			<key>isa</key>
			<string>PBXGroup</string>
			<key>children</key>
			<array>
				<string>000000000000000000000018</string>
				<string>00000000000000000000001D</string>
			</array>
			<key>sourceTree</key>
			<string>&lt;group&gt;</string>
			<key>path</key>
			<string>Notes</string>
		</dict>
		<key>000000000000000000000018</key>
		<dict>
			<key>isa</key>
			<string>PBXGroup</string>
			<key>children</key>
			<array>
				<string>000000000000000000000019</string>
				<string>00000000000000000000001F</string>
			</array>
			<key>sourceTree</key>
			<string>&lt;group&gt;</string>
			<key>path</key>
			<string>Storage</string>
		</dict>
		<key>000000000000000000000019</key>
		<dict>
			<key>isa</key>
			<string>PBXGroup</string>
			<key>children</key>
			<array>
				<string>00000000000000000000001A</string>
				<string>000000000000000000000020</string>
			</array>
			<key>sourceTree</key>
			<string>&lt;group&gt;</string>
			<key>path</key>
			<string>Crypto</string>
		</dict>
		<key>00000000000000000000001A</key>
		<dict>
			<key>isa</key>
			<string>PBXFileReference</string>
			<key>path</key>
			<string>NSData_transformations.m</string>
			<key>sourceTree</key>
			<string>&lt;group&gt;</string>
			<key>lastKnownFileType</key>
			<string>sourcecode.c.objc</string>
		</dict>
		<key>00000000000000000000001B</key>
		<dict>
			<key>isa</key>
			<string>PBXFileReference</string>
			<key>path</key>
			<string>NSStringUtilities.m</string>
			<key>sourceTree</key>
			<string>&lt;group&gt;</string>
			<key>lastKnownFileType</key>
			<string>sourcecode.c.objc</string>
		</dict>
		<key>00000000000000000000001C</key>
		<dict>
			<key>isa</key>
			<string>PBXFileReference</string>
			<key>path</key>
			<string>GlobalPrefsCallbacks.m</string>
			<key>sourceTree</key>
			<string>&lt;group&gt;</string>
			<key>lastKnownFileType</key>
			<string>sourcecode.c.objc</string>
		</dict>
		<key>00000000000000000000001D</key>
		<dict>
			<key>isa</key>
			<string>PBXGroup</string>
			<key>children</key>
			<array>
				<string>00000000000000000000001E</string>
			</array>
			<key>sourceTree</key>
			<string>&lt;group&gt;</string>
			<key>path</key>
			<string>Model</string>
		</dict>
		<key>00000000000000000000001E</key>
		<dict>
			<key>isa</key>
			<string>PBXFileReference</string>
			<key>path</key>
			<string>DeletedNoteObject.m</string>
			<key>sourceTree</key>
			<string>&lt;group&gt;</string>
			<key>lastKnownFileType</key>
			<string>sourcecode.c.objc</string>
		</dict>
		<key>00000000000000000000001F</key>
		<dict>
			<key>isa</key>
			<string>PBXFileReference</string>
			<key>path</key>
			<string>NVFileReference.c</string>
			<key>sourceTree</key>
			<string>&lt;group&gt;</string>
			<key>lastKnownFileType</key>
			<string>sourcecode.c.c</string>
		</dict>
		<key>000000000000000000000020</key>
		<dict>
			<key>isa</key>
			<string>PBXGroup</string>
			<key>children</key>
			<array>
				<string>000000000000000000000021</string>
				<string>000000000000000000000022</string>
				<string>000000000000000000000023</string>
			</array>
			<key>sourceTree</key>
			<string>&lt;group&gt;</string>
			<key>path</key>
			<string>Legacy</string>
		</dict>
		<key>000000000000000000000021</key>
		<dict>
			<key>isa</key>
			<string>PBXFileReference</string>
			<key>path</key>
			<string>NVMD5.c</string>
			<key>sourceTree</key>
			<string>&lt;group&gt;</string>
			<key>lastKnownFileType</key>
			<string>sourcecode.c.c</string>
		</dict>
		<key>000000000000000000000022</key>
		<dict>
			<key>isa</key>
			<string>PBXFileReference</string>
			<key>path</key>
			<string>sha1.c</string>
			<key>sourceTree</key>
			<string>&lt;group&gt;</string>
			<key>lastKnownFileType</key>
			<string>sourcecode.c.c</string>
		</dict>
		<key>000000000000000000000023</key>
		<dict>
			<key>isa</key>
			<string>PBXFileReference</string>
			<key>path</key>
			<string>broken_md5.c</string>
			<key>sourceTree</key>
			<string>&lt;group&gt;</string>
			<key>lastKnownFileType</key>
			<string>sourcecode.c.c</string>
		</dict>
		<key>000000000000000000000024</key>
		<dict>
			<key>isa</key>
			<string>PBXGroup</string>
			<key>children</key>
			<array>
				<string>000000000000000000000025</string>
			</array>
			<key>sourceTree</key>
			<string>&lt;group&gt;</string>
			<key>path</key>
			<string>Support</string>
		</dict>
		<key>000000000000000000000025</key>
		<dict>
			<key>isa</key>
			<string>PBXFileReference</string>
			<key>path</key>
			<string>TestPaths.h</string>
			<key>sourceTree</key>
			<string>&lt;group&gt;</string>
			<key>lastKnownFileType</key>
			<string>sourcecode.c.h</string>
		</dict>
		<key>000000000000000000000026</key>
		<dict>
			<key>isa</key>
			<string>PBXFileReference</string>
			<key>path</key>
			<string>CompatibilityTests.xctest</string>
			<key>sourceTree</key>
			<string>BUILT_PRODUCTS_DIR</string>
			<key>explicitFileType</key>
			<string>wrapper.cfbundle</string>
		</dict>
		<key>000000000000000000000027</key>
		<dict>
			<key>isa</key>
			<string>PBXBuildFile</string>
			<key>fileRef</key>
			<string>000000000000000000000005</string>
		</dict>
		<key>000000000000000000000028</key>
		<dict>
			<key>isa</key>
			<string>PBXBuildFile</string>
			<key>fileRef</key>
			<string>000000000000000000000008</string>
		</dict>
		<key>000000000000000000000029</key>
		<dict>
			<key>isa</key>
			<string>PBXBuildFile</string>
			<key>fileRef</key>
			<string>00000000000000000000000A</string>
		</dict>
		<key>00000000000000000000002A</key>
		<dict>
			<key>isa</key>
			<string>PBXBuildFile</string>
			<key>fileRef</key>
			<string>00000000000000000000000C</string>
		</dict>
		<key>00000000000000000000002B</key>
		<dict>
			<key>isa</key>
			<string>PBXBuildFile</string>
			<key>fileRef</key>
			<string>00000000000000000000000D</string>
		</dict>
		<key>00000000000000000000002C</key>
		<dict>
			<key>isa</key>
			<string>PBXBuildFile</string>
			<key>fileRef</key>
			<string>00000000000000000000000F</string>
		</dict>
		<key>00000000000000000000002D</key>
		<dict>
			<key>isa</key>
			<string>PBXBuildFile</string>
			<key>fileRef</key>
			<string>000000000000000000000010</string>
		</dict>
		<key>00000000000000000000002E</key>
		<dict>
			<key>isa</key>
			<string>PBXBuildFile</string>
			<key>fileRef</key>
			<string>000000000000000000000013</string>
		</dict>
		<key>00000000000000000000002F</key>
		<dict>
			<key>isa</key>
			<string>PBXBuildFile</string>
			<key>fileRef</key>
			<string>000000000000000000000014</string>
		</dict>
		<key>000000000000000000000030</key>
		<dict>
			<key>isa</key>
			<string>PBXBuildFile</string>
			<key>fileRef</key>
			<string>000000000000000000000015</string>
		</dict>
		<key>000000000000000000000031</key>
		<dict>
			<key>isa</key>
			<string>PBXBuildFile</string>
			<key>fileRef</key>
			<string>00000000000000000000001A</string>
		</dict>
		<key>000000000000000000000032</key>
		<dict>
			<key>isa</key>
			<string>PBXBuildFile</string>
			<key>fileRef</key>
			<string>00000000000000000000001B</string>
			<key>settings</key>
			<dict>
				<key>COMPILER_FLAGS</key>
				<string>-fobjc-arc</string>
			</dict>
		</dict>
		<key>000000000000000000000033</key>
		<dict>
			<key>isa</key>
			<string>PBXBuildFile</string>
			<key>fileRef</key>
			<string>00000000000000000000001C</string>
		</dict>
		<key>000000000000000000000034</key>
		<dict>
			<key>isa</key>
			<string>PBXBuildFile</string>
			<key>fileRef</key>
			<string>00000000000000000000001E</string>
		</dict>
		<key>000000000000000000000035</key>
		<dict>
			<key>isa</key>
			<string>PBXBuildFile</string>
			<key>fileRef</key>
			<string>00000000000000000000001F</string>
		</dict>
		<key>000000000000000000000036</key>
		<dict>
			<key>isa</key>
			<string>PBXBuildFile</string>
			<key>fileRef</key>
			<string>000000000000000000000021</string>
		</dict>
		<key>000000000000000000000037</key>
		<dict>
			<key>isa</key>
			<string>PBXBuildFile</string>
			<key>fileRef</key>
			<string>000000000000000000000022</string>
		</dict>
		<key>000000000000000000000038</key>
		<dict>
			<key>isa</key>
			<string>PBXBuildFile</string>
			<key>fileRef</key>
			<string>000000000000000000000023</string>
		</dict>
		<key>000000000000000000000039</key>
		<dict>
			<key>isa</key>
			<string>PBXSourcesBuildPhase</string>
			<key>buildActionMask</key>
			<integer>2147483647</integer>
			<key>files</key>
			<array>
				<string>000000000000000000000027</string>
				<string>000000000000000000000028</string>
				<string>000000000000000000000029</string>
				<string>00000000000000000000002A</string>
				<string>00000000000000000000002B</string>
				<string>00000000000000000000002C</string>
				<string>00000000000000000000002D</string>
				<string>00000000000000000000002E</string>
				<string>00000000000000000000002F</string>
				<string>000000000000000000000030</string>
				<string>000000000000000000000031</string>
				<string>000000000000000000000032</string>
				<string>000000000000000000000033</string>
				<string>000000000000000000000034</string>
				<string>000000000000000000000035</string>
				<string>000000000000000000000036</string>
				<string>000000000000000000000037</string>
				<string>000000000000000000000038</string>
			</array>
			<key>runOnlyForDeploymentPostprocessing</key>
			<integer>0</integer>
		</dict>
		<key>00000000000000000000003A</key>
		<dict>
			<key>isa</key>
			<string>PBXFrameworksBuildPhase</string>
			<key>buildActionMask</key>
			<integer>2147483647</integer>
			<key>files</key>
			<array/>
			<key>runOnlyForDeploymentPostprocessing</key>
			<integer>0</integer>
		</dict>
		<key>00000000000000000000003B</key>
		<dict>
			<key>isa</key>
			<string>XCBuildConfiguration</string>
			<key>name</key>
			<string>Debug</string>
			<key>buildSettings</key>
			<dict>
				<key>ARCHS</key>
				<string>arm64</string>
				<key>SDKROOT</key>
				<string>macosx</string>
				<key>MACOSX_DEPLOYMENT_TARGET</key>
				<string>15.0</string>
				<key>CLANG_ENABLE_OBJC_ARC</key>
				<string>NO</string>
				<key>CLANG_ENABLE_OBJC_WEAK</key>
				<string>NO</string>
				<key>GCC_PREFIX_HEADER</key>
				<string>$(SRCROOT)/../Configuration/Notation_Prefix.pch</string>
				<key>HEADER_SEARCH_PATHS</key>
				<array>
					<string>$(inherited)</string>
					<string>$(SRCROOT)/../Vendor</string>
					<string>$(SRCROOT)/../Sources/Application</string>
					<string>$(SRCROOT)/../Sources/Notes/Model</string>
					<string>$(SRCROOT)/../Sources/Notes/Storage</string>
					<string>$(SRCROOT)/../Sources/Notes/Storage/Crypto</string>
					<string>$(SRCROOT)/../Sources/Notes/Storage/Crypto/Legacy</string>
					<string>$(SRCROOT)/../Sources/Editor</string>
					<string>$(SRCROOT)/../Sources/NoteList</string>
					<string>$(SRCROOT)/../Sources/Preferences</string>
					<string>$(SRCROOT)/../Sources/Interchange</string>
					<string>$(SRCROOT)/../Sources/Integrations</string>
					<string>$(SRCROOT)/../Sources/Support</string>
					<string>$(SRCROOT)/../Vendor/ODBEditor</string>
					<string>$(SRCROOT)/Support</string>
				</array>
				<key>GENERATE_INFOPLIST_FILE</key>
				<string>YES</string>
				<key>PRODUCT_BUNDLE_IDENTIFIER</key>
				<string>net.notational.velocity.tests</string>
				<key>PRODUCT_NAME</key>
				<string>CompatibilityTests</string>
				<key>FRAMEWORK_SEARCH_PATHS</key>
				<array>
					<string>$(PLATFORM_DIR)/Developer/Library/Frameworks</string>
					<string>$(SRCROOT)/..</string>
				</array>
				<key>OTHER_LDFLAGS</key>
				<array>
					<string>-framework</string>
					<string>XCTest</string>
					<string>-framework</string>
					<string>Cocoa</string>
					<string>-framework</string>
					<string>UniformTypeIdentifiers</string>
					<string>-framework</string>
					<string>Carbon</string>
					<string>-framework</string>
					<string>WebKit</string>
					<string>-lz</string>
				</array>
				<key>ALWAYS_SEARCH_USER_PATHS</key>
				<string>NO</string>
			</dict>
		</dict>
		<key>00000000000000000000003C</key>
		<dict>
			<key>isa</key>
			<string>XCBuildConfiguration</string>
			<key>name</key>
			<string>Release</string>
			<key>buildSettings</key>
			<dict>
				<key>ARCHS</key>
				<string>arm64</string>
				<key>SDKROOT</key>
				<string>macosx</string>
				<key>MACOSX_DEPLOYMENT_TARGET</key>
				<string>15.0</string>
				<key>CLANG_ENABLE_OBJC_ARC</key>
				<string>NO</string>
				<key>CLANG_ENABLE_OBJC_WEAK</key>
				<string>NO</string>
				<key>GCC_PREFIX_HEADER</key>
				<string>$(SRCROOT)/../Configuration/Notation_Prefix.pch</string>
				<key>HEADER_SEARCH_PATHS</key>
				<array>
					<string>$(inherited)</string>
					<string>$(SRCROOT)/../Vendor</string>
					<string>$(SRCROOT)/../Sources/Application</string>
					<string>$(SRCROOT)/../Sources/Notes/Model</string>
					<string>$(SRCROOT)/../Sources/Notes/Storage</string>
					<string>$(SRCROOT)/../Sources/Notes/Storage/Crypto</string>
					<string>$(SRCROOT)/../Sources/Notes/Storage/Crypto/Legacy</string>
					<string>$(SRCROOT)/../Sources/Editor</string>
					<string>$(SRCROOT)/../Sources/NoteList</string>
					<string>$(SRCROOT)/../Sources/Preferences</string>
					<string>$(SRCROOT)/../Sources/Interchange</string>
					<string>$(SRCROOT)/../Sources/Integrations</string>
					<string>$(SRCROOT)/../Sources/Support</string>
					<string>$(SRCROOT)/../Vendor/ODBEditor</string>
					<string>$(SRCROOT)/Support</string>
				</array>
				<key>GENERATE_INFOPLIST_FILE</key>
				<string>YES</string>
				<key>PRODUCT_BUNDLE_IDENTIFIER</key>
				<string>net.notational.velocity.tests</string>
				<key>PRODUCT_NAME</key>
				<string>CompatibilityTests</string>
				<key>FRAMEWORK_SEARCH_PATHS</key>
				<array>
					<string>$(PLATFORM_DIR)/Developer/Library/Frameworks</string>
					<string>$(SRCROOT)/..</string>
				</array>
				<key>OTHER_LDFLAGS</key>
				<array>
					<string>-framework</string>
					<string>XCTest</string>
					<string>-framework</string>
					<string>Cocoa</string>
					<string>-framework</string>
					<string>UniformTypeIdentifiers</string>
					<string>-framework</string>
					<string>Carbon</string>
					<string>-framework</string>
					<string>WebKit</string>
					<string>-lz</string>
				</array>
				<key>ALWAYS_SEARCH_USER_PATHS</key>
				<string>NO</string>
			</dict>
		</dict>
		<key>00000000000000000000003D</key>
		<dict>
			<key>isa</key>
			<string>XCConfigurationList</string>
			<key>buildConfigurations</key>
			<array>
				<string>00000000000000000000003B</string>
				<string>00000000000000000000003C</string>
			</array>
			<key>defaultConfigurationIsVisible</key>
			<integer>0</integer>
			<key>defaultConfigurationName</key>
			<string>Debug</string>
		</dict>
		<key>00000000000000000000003E</key>
		<dict>
			<key>isa</key>
			<string>PBXNativeTarget</string>
			<key>buildConfigurationList</key>
			<string>00000000000000000000003D</string>
			<key>buildPhases</key>
			<array>
				<string>000000000000000000000039</string>
				<string>00000000000000000000003A</string>
			</array>
			<key>buildRules</key>
			<array/>
			<key>dependencies</key>
			<array/>
			<key>name</key>
			<string>CompatibilityTests</string>
			<key>productName</key>
			<string>CompatibilityTests</string>
			<key>productReference</key>
			<string>000000000000000000000026</string>
			<key>productType</key>
			<string>com.apple.product-type.bundle.unit-test</string>
		</dict>
		<key>00000000000000000000003F</key>
		<dict>
			<key>isa</key>
			<string>XCBuildConfiguration</string>
			<key>name</key>
			<string>Debug</string>
			<key>buildSettings</key>
			<dict>
				<key>ARCHS</key>
				<string>arm64</string>
				<key>SDKROOT</key>
				<string>macosx</string>
				<key>MACOSX_DEPLOYMENT_TARGET</key>
				<string>15.0</string>
			</dict>
		</dict>
		<key>000000000000000000000040</key>
		<dict>
			<key>isa</key>
			<string>XCBuildConfiguration</string>
			<key>name</key>
			<string>Release</string>
			<key>buildSettings</key>
			<dict>
				<key>ARCHS</key>
				<string>arm64</string>
				<key>SDKROOT</key>
				<string>macosx</string>
				<key>MACOSX_DEPLOYMENT_TARGET</key>
				<string>15.0</string>
			</dict>
		</dict>
		<key>000000000000000000000041</key>
		<dict>
			<key>isa</key>
			<string>XCConfigurationList</string>
			<key>buildConfigurations</key>
			<array>
				<string>00000000000000000000003F</string>
				<string>000000000000000000000040</string>
			</array>
			<key>defaultConfigurationIsVisible</key>
			<integer>0</integer>
			<key>defaultConfigurationName</key>
			<string>Debug</string>
		</dict>
		<key>000000000000000000000042</key>
		<dict>
			<key>isa</key>
			<string>PBXProject</string>
			<key>buildConfigurationList</key>
			<string>000000000000000000000041</string>
			<key>compatibilityVersion</key>
			<string>Xcode 14.0</string>
			<key>developmentRegion</key>
			<string>en</string>
			<key>knownRegions</key>
			<array>
				<string>en</string>
			</array>
			<key>mainGroup</key>
			<string>000000000000000000000001</string>
			<key>projectDirPath</key>
			<string></string>
			<key>projectRoot</key>
			<string></string>
			<key>targets</key>
			<array>
				<string>00000000000000000000003E</string>
			</array>
		</dict>
	</dict>
	<key>rootObject</key>
	<string>000000000000000000000042</string>
</dict>
</plist>
