<?xml version="1.0" encoding="UTF-8"?>
<!DOCTYPE plist PUBLIC "-//Apple//DTD PLIST 1.0//EN" "http://www.apple.com/DTDs/PropertyList-1.0.dtd">
<plist version="1.0">
<dict>
	<key>archiveVersion</key>
	<string>1</string>
	<key>classes</key>
	<dict/>
	<key>objectVersion</key>
	<string>56</string>
	<key>objects</key>
	<dict>
		<key>000000000000000000000001</key>
		<dict>
			<key>isa</key>
			<string>PBXGroup</string>
			<key>children</key>
			<array>
				<string>000000000000000000000002</string>
				<string>00000000000000000000004F</string>
				<string>000000000000000000000054</string>
				<string>00000000000000000000006D</string>
			</array>
			<key>sourceTree</key>
			<string>&lt;group&gt;</string>
		</dict>
		<key>000000000000000000000002</key>
		<dict>
			<key>isa</key>
			<string>PBXGroup</string>
			<key>children</key>
			<array>
				<string>000000000000000000000003</string>
				<string>000000000000000000000005</string>
				<string>00000000000000000000000F</string>
				<string>000000000000000000000012</string>
				<string>000000000000000000000015</string>
				<string>000000000000000000000020</string>
				<string>000000000000000000000028</string>
				<string>00000000000000000000003D</string>
			</array>
			<key>sourceTree</key>
			<string>&lt;group&gt;</string>
			<key>name</key>
			<string>Sources</string>
			<key>path</key>
			<string>../Sources</string>
		</dict>
		<key>000000000000000000000003</key>
		<dict>
			<key>isa</key>
			<string>PBXGroup</string>
			<key>children</key>
			<array>
				<string>000000000000000000000004</string>
				<string>00000000000000000000001B</string>
				<string>000000000000000000000040</string>
				<string>000000000000000000000041</string>
				<string>000000000000000000000042</string>
				<string>00000000000000000000004A</string>
			</array>
			<key>sourceTree</key>
			<string>&lt;group&gt;</string>
			<key>path</key>
			<string>Application</string>
		</dict>
		<key>000000000000000000000004</key>
		<dict>
			<key>isa</key>
			<string>PBXFileReference</string>
			<key>path</key>
			<string>AppController.m</string>
			<key>sourceTree</key>
			<string>&lt;group&gt;</string>
			<key>lastKnownFileType</key>
			<string>sourcecode.c.objc</string>
		</dict>
		<key>000000000000000000000005</key>
		<dict>
			<key>isa</key>
			<string>PBXGroup</string>
			<key>children</key>
			<array>
				<string>000000000000000000000006</string>
				<string>000000000000000000000008</string>
			</array>
			<key>sourceTree</key>
			<string>&lt;group&gt;</string>
			<key>path</key>
			<string>Notes</string>
		</dict>
		<key>000000000000000000000006</key>
		<dict>
			<key>isa</key>
			<string>PBXGroup</string>
			<key>children</key>
			<array>
				<string>000000000000000000000007</string>
				<string>00000000000000000000000A</string>
				<string>000000000000000000000018</string>
				<string>000000000000000000000019</string>
				<string>00000000000000000000001C</string>
				<string>000000000000000000000022</string>
				<string>000000000000000000000024</string>
				<string>000000000000000000000025</string>
				<string>00000000000000000000002A</string>
				<string>000000000000000000000037</string>
				<string>000000000000000000000044</string>
				<string>000000000000000000000046</string>
			</array>
			<key>sourceTree</key>
			<string>&lt;group&gt;</string>
			<key>path</key>
			<string>Storage</string>
		</dict>
		<key>000000000000000000000007</key>
		<dict>
			<key>isa</key>
			<string>PBXFileReference</string>
			<key>path</key>
			<string>NotationController.m</string>
			<key>sourceTree</key>
			<string>&lt;group&gt;</string>
			<key>lastKnownFileType</key>
			<string>sourcecode.c.objc</string>
		</dict>
		<key>000000000000000000000008</key>
		<dict>
			<key>isa</key>
			<string>PBXGroup</string>
			<key>children</key>
			<array>
				<string>000000000000000000000009</string>
				<string>000000000000000000000011</string>
				<string>000000000000000000000027</string>
				<string>00000000000000000000004C</string>
			</array>
			<key>sourceTree</key>
			<string>&lt;group&gt;</string>
			<key>path</key>
			<string>Model</string>
		</dict>
		<key>000000000000000000000009</key>
		<dict>
			<key>isa</key>
			<string>PBXFileReference</string>
			<key>path</key>
			<string>NoteObject.m</string>
			<key>sourceTree</key>
			<string>&lt;group&gt;</string>
			<key>lastKnownFileType</key>
			<string>sourcecode.c.objc</string>
		</dict>
		<key>00000000000000000000000A</key>
		<dict>
			<key>isa</key>
			<string>PBXGroup</string>
			<key>children</key>
			<array>
				<string>00000000000000000000000B</string>
				<string>00000000000000000000000C</string>
			</array>
			<key>sourceTree</key>
			<string>&lt;group&gt;</string>
			<key>path</key>
			<string>Crypto</string>
		</dict>
		<key>00000000000000000000000B</key>
		<dict>
			<key>isa</key>
			<string>PBXFileReference</string>
			<key>path</key>
			<string>NSData_transformations.m</string>
			<key>sourceTree</key>
			<string>&lt;group&gt;</string>
			<key>lastKnownFileType</key>
			<string>sourcecode.c.objc</string>
		</dict>
		<key>00000000000000000000000C</key>
		<dict>
			<key>isa</key>
			<string>PBXGroup</string>
			<key>children</key>
			<array>
				<string>00000000000000000000000D</string>
				<string>00000000000000000000000E</string>
				<string>000000000000000000000035</string>
				<string>000000000000000000000036</string>
			</array>
			<key>sourceTree</key>
			<string>&lt;group&gt;</string>
			<key>path</key>
			<string>Legacy</string>
		</dict>
		<key>00000000000000000000000D</key>
		<dict>
			<key>isa</key>
			<string>PBXFileReference</string>
			<key>path</key>
			<string>sha1.c</string>
			<key>sourceTree</key>
			<string>&lt;group&gt;</string>
			<key>lastKnownFileType</key>
			<string>sourcecode.c.c</string>
		</dict>
		<key>00000000000000000000000E</key>
		<dict>
			<key>isa</key>
			<string>PBXFileReference</string>
			<key>path</key>
			<string>NVMD5.c</string>
			<key>sourceTree</key>
			<string>&lt;group&gt;</string>
			<key>lastKnownFileType</key>
			<string>sourcecode.c.c</string>
		</dict>
		<key>00000000000000000000000F</key>
		<dict>
			<key>isa</key>
			<string>PBXGroup</string>
			<key>children</key>
			<array>
				<string>000000000000000000000010</string>
				<string>00000000000000000000001A</string>
				<string>000000000000000000000033</string>
				<string>000000000000000000000038</string>
				<string>000000000000000000000045</string>
			</array>
			<key>sourceTree</key>
			<string>&lt;group&gt;</string>
			<key>path</key>
			<string>Editor</string>
		</dict>
		<key>000000000000000000000010</key>
		<dict>
			<key>isa</key>
			<string>PBXFileReference</string>
			<key>path</key>
			<string>LinkingEditor.m</string>
			<key>sourceTree</key>
			<string>&lt;group&gt;</string>
			<key>lastKnownFileType</key>
			<string>sourcecode.c.objc</string>
		</dict>
		<key>000000000000000000000011</key>
		<dict>
			<key>isa</key>
			<string>PBXFileReference</string>
			<key>path</key>
			<string>LabelObject.m</string>
			<key>sourceTree</key>
			<string>&lt;group&gt;</string>
			<key>lastKnownFileType</key>
			<string>sourcecode.c.objc</string>
		</dict>
		<key>000000000000000000000012</key>
		<dict>
			<key>isa</key>
			<string>PBXGroup</string>
			<key>children</key>
			<array>
				<string>000000000000000000000013</string>
				<string>000000000000000000000014</string>
				<string>00000000000000000000001D</string>
				<string>00000000000000000000001E</string>
				<string>00000000000000000000001F</string>
				<string>000000000000000000000026</string>
				<string>00000000000000000000002B</string>
				<string>00000000000000000000003A</string>
				<string>00000000000000000000003C</string>
				<string>000000000000000000000047</string>
				<string>000000000000000000000049</string>
				<string>00000000000000000000004D</string>
				<string>00000000000000000000004E</string>
			</array>
			<key>sourceTree</key>
			<string>&lt;group&gt;</string>
			<key>path</key>
			<string>NoteList</string>
		</dict>
		<key>000000000000000000000013</key>
		<dict>
			<key>isa</key>
			<string>PBXFileReference</string>
			<key>path</key>
			<string>FastListDataSource.m</string>
			<key>sourceTree</key>
			<string>&lt;group&gt;</string>
			<key>lastKnownFileType</key>
			<string>sourcecode.c.objc</string>
		</dict>
		<key>000000000000000000000014</key>
		<dict>
			<key>isa</key>
			<string>PBXFileReference</string>
			<key>path</key>
			<string>LabelsListController.m</string>
			<key>sourceTree</key>
			<string>&lt;group&gt;</string>
			<key>lastKnownFileType</key>
			<string>sourcecode.c.objc</string>
		</dict>
		<key>000000000000000000000015</key>
		<dict>
			<key>isa</key>
			<string>PBXGroup</string>
			<key>children</key>
			<array>
				<string>000000000000000000000016</string>
				<string>000000000000000000000017</string>
				<string>00000000000000000000004B</string>
			</array>
			<key>sourceTree</key>
			<string>&lt;group&gt;</string>
			<key>path</key>
			<string>Support</string>
		</dict>
		<key>000000000000000000000016</key>
		<dict>
			<key>isa</key>
			<string>PBXFileReference</string>
			<key>path</key>
			<string>NSString_NV.m</string>
			<key>sourceTree</key>
			<string>&lt;group&gt;</string>
			<key>lastKnownFileType</key>
			<string>sourcecode.c.objc</string>
		</dict>
		<key>000000000000000000000017</key>
		<dict>
			<key>isa</key>
			<string>PBXFileReference</string>
			<key>path</key>
			<string>NSCollection_utils.m</string>
			<key>sourceTree</key>
			<string>&lt;group&gt;</string>
			<key>lastKnownFileType</key>
			<string>sourcecode.c.objc</string>
		</dict>
		<key>000000000000000000000018</key>
		<dict>
			<key>isa</key>
			<string>PBXFileReference</string>
			<key>path</key>
			<string>BufferUtils.c</string>
			<key>sourceTree</key>
			<string>&lt;group&gt;</string>
			<key>lastKnownFileType</key>
			<string>sourcecode.c.c</string>
		</dict>
		<key>000000000000000000000019</key>
		<dict>
			<key>isa</key>
			<string>PBXFileReference</string>
			<key>path</key>
			<string>NVFileReference.c</string>
			<key>sourceTree</key>
			<string>&lt;group&gt;</string>
			<key>lastKnownFileType</key>
			<string>sourcecode.c.c</string>
		</dict>
		<key>00000000000000000000001A</key>
		<dict>
			<key>isa</key>
			<string>PBXFileReference</string>
			<key>path</key>
			<string>AttributedPlainText.m</string>
			<key>sourceTree</key>
			<string>&lt;group&gt;</string>
			<key>lastKnownFileType</key>
			<string>sourcecode.c.objc</string>
		</dict>
		<key>00000000000000000000001B</key>
		<dict>
			<key>isa</key>
			<string>PBXFileReference</string>
			<key>path</key>
			<string>GlobalPrefs.m</string>
			<key>sourceTree</key>
			<string>&lt;group&gt;</string>
			<key>lastKnownFileType</key>
			<string>sourcecode.c.objc</string>
		</dict>
		<key>00000000000000000000001C</key>
		<dict>
			<key>isa</key>
			<string>PBXFileReference</string>
			<key>path</key>
			<string>WALController.m</string>
			<key>sourceTree</key>
			<string>&lt;group&gt;</string>
			<key>lastKnownFileType</key>
			<string>sourcecode.c.objc</string>
		</dict>
		<key>00000000000000000000001D</key>
		<dict>
			<key>isa</key>
			<string>PBXFileReference</string>
			<key>path</key>
			<string>EmptyView.m</string>
			<key>sourceTree</key>
			<string>&lt;group&gt;</string>
			<key>lastKnownFileType</key>
			<string>sourcecode.c.objc</string>
		</dict>
		<key>00000000000000000000001E</key>
		<dict>
			<key>isa</key>
			<string>PBXFileReference</string>
			<key>path</key>
			<string>DualField.m</string>
			<key>sourceTree</key>
			<string>&lt;group&gt;</string>
			<key>lastKnownFileType</key>
			<string>sourcecode.c.objc</string>
		</dict>
		<key>00000000000000000000001F</key>
		<dict>
			<key>isa</key>
			<string>PBXFileReference</string>
			<key>path</key>
			<string>NoteAttributeColumn.m</string>
			<key>sourceTree</key>
			<string>&lt;group&gt;</string>
			<key>lastKnownFileType</key>
			<string>sourcecode.c.objc</string>
		</dict>
		<key>000000000000000000000020</key>
		<dict>
			<key>isa</key>
			<string>PBXGroup</string>
			<key>children</key>
			<array>
				<string>000000000000000000000021</string>
				<string>000000000000000000000023</string>
				<string>00000000000000000000002C</string>
				<string>00000000000000000000002D</string>
				<string>00000000000000000000002E</string>
				<string>00000000000000000000002F</string>
				<string>000000000000000000000030</string>
				<string>00000000000000000000003F</string>
				<string>000000000000000000000043</string>
				<string>000000000000000000000048</string>
			</array>
			<key>sourceTree</key>
			<string>&lt;group&gt;</string>
			<key>path</key>
			<string>Preferences</string>
		</dict>
		<key>000000000000000000000021</key>
		<dict>
			<key>isa</key>
			<string>PBXFileReference</string>
			<key>path</key>
			<string>PrefsWindowController.m</string>
			<key>sourceTree</key>
			<string>&lt;group&gt;</string>
			<key>lastKnownFileType</key>
			<string>sourcecode.c.objc</string>
		</dict>
		<key>000000000000000000000022</key>
		<dict>
			<key>isa</key>
			<string>PBXFileReference</string>
			<key>path</key>
			<string>NotationPrefs.m</string>
			<key>sourceTree</key>
			<string>&lt;group&gt;</string>
			<key>lastKnownFileType</key>
			<string>sourcecode.c.objc</string>
		</dict>
		<key>000000000000000000000023</key>
		<dict>
			<key>isa</key>
			<string>PBXFileReference</string>
			<key>path</key>
			<string>NotationPrefsViewController.m</string>
			<key>sourceTree</key>
			<string>&lt;group&gt;</string>
			<key>lastKnownFileType</key>
			<string>sourcecode.c.objc</string>
		</dict>
		<key>000000000000000000000024</key>
		<dict>
			<key>isa</key>
			<string>PBXFileReference</string>
			<key>path</key>
			<string>FrozenNotation.m</string>
			<key>sourceTree</key>
			<string>&lt;group&gt;</string>
			<key>lastKnownFileType</key>
			<string>sourcecode.c.objc</string>
		</dict>
		<key>000000000000000000000025</key>
		<dict>
			<key>isa</key>
			<string>PBXFileReference</string>
			<key>path</key>
			<string>NotationFileManager.m</string>
			<key>sourceTree</key>
			<string>&lt;group&gt;</string>
			<key>lastKnownFileType</key>
			<string>sourcecode.c.objc</string>
		</dict>
		<key>000000000000000000000026</key>
		<dict>
			<key>isa</key>
			<string>PBXFileReference</string>
			<key>path</key>
			<string>HeaderViewWithMenu.m</string>
			<key>sourceTree</key>
			<string>&lt;group&gt;</string>
			<key>lastKnownFileType</key>
			<string>sourcecode.c.objc</string>
		</dict>
		<key>000000000000000000000027</key>
		<dict>
			<key>isa</key>
			<string>PBXFileReference</string>
			<key>path</key>
			<string>DeletedNoteObject.m</string>
			<key>sourceTree</key>
			<string>&lt;group&gt;</string>
			<key>lastKnownFileType</key>
			<string>sourcecode.c.objc</string>
		</dict>
		<key>000000000000000000000028</key>
		<dict>
			<key>isa</key>
			<string>PBXGroup</string>
			<key>children</key>
			<array>
				<string>000000000000000000000029</string>
				<string>000000000000000000000031</string>
				<string>000000000000000000000032</string>
				<string>000000000000000000000034</string>
				<string>000000000000000000000039</string>
				<string>00000000000000000000003B</string>
			</array>
			<key>sourceTree</key>
			<string>&lt;group&gt;</string>
			<key>path</key>
			<string>Interchange</string>
		</dict>
		<key>000000000000000000000029</key>
		<dict>
			<key>isa</key>
			<string>PBXFileReference</string>
			<key>path</key>
			<string>EncodingsManager.m</string>
			<key>sourceTree</key>
			<string>&lt;group&gt;</string>
			<key>lastKnownFileType</key>
			<string>sourcecode.c.objc</string>
		</dict>
		<key>00000000000000000000002A</key>
		<dict>
			<key>isa</key>
			<string>PBXFileReference</string>
			<key>path</key>
			<string>DeletionManager.m</string>
			<key>sourceTree</key>
			<string>&lt;group&gt;</string>
			<key>lastKnownFileType</key>
			<string>sourcecode.c.objc</string>
		</dict>
		<key>00000000000000000000002B</key>
		<dict>
			<key>isa</key>
			<string>PBXFileReference</string>
			<key>path</key>
			<string>NotesTableView.m</string>
			<key>sourceTree</key>
			<string>&lt;group&gt;</string>
			<key>lastKnownFileType</key>
			<string>sourcecode.c.objc</string>
		</dict>
		<key>00000000000000000000002C</key>
		<dict>
			<key>isa</key>
			<string>PBXFileReference</string>
			<key>path</key>
			<string>PassphrasePicker.m</string>
			<key>sourceTree</key>
			<string>&lt;group&gt;</string>
			<key>lastKnownFileType</key>
			<string>sourcecode.c.objc</string>
		</dict>
		<key>00000000000000000000002D</key>
		<dict>
			<key>isa</key>
			<string>PBXFileReference</string>
			<key>path</key>
			<string>PassphraseRetriever.m</string>
			<key>sourceTree</key>
			<string>&lt;group&gt;</string>
			<key>lastKnownFileType</key>
			<string>sourcecode.c.objc</string>
		</dict>
		<key>00000000000000000000002E</key>
		<dict>
			<key>isa</key>
			<string>PBXFileReference</string>
			<key>path</key>
			<string>KeyDerivationManager.m</string>
			<key>sourceTree</key>
			<string>&lt;group&gt;</string>
			<key>lastKnownFileType</key>
			<string>sourcecode.c.objc</string>
		</dict>
		<key>00000000000000000000002F</key>
		<dict>
			<key>isa</key>
			<string>PBXFileReference</string>
			<key>path</key>
			<string>PassphraseChanger.m</string>
			<key>sourceTree</key>
			<string>&lt;group&gt;</string>
			<key>lastKnownFileType</key>
			<string>sourcecode.c.objc</string>
		</dict>
		<key>000000000000000000000030</key>
		<dict>
			<key>isa</key>
			<string>PBXFileReference</string>
			<key>path</key>
			<string>KeyDerivationDelaySlider.m</string>
			<key>sourceTree</key>
			<string>&lt;group&gt;</string>
			<key>lastKnownFileType</key>
			<string>sourcecode.c.objc</string>
		</dict>
		<key>000000000000000000000031</key>
		<dict>
			<key>isa</key>
			<string>PBXFileReference</string>
			<key>path</key>
			<string>AlienNoteImporter.m</string>
			<key>sourceTree</key>
			<string>&lt;group&gt;</string>
			<key>lastKnownFileType</key>
			<string>sourcecode.c.objc</string>
		</dict>
		<key>000000000000000000000032</key>
		<dict>
			<key>isa</key>
			<string>PBXFileReference</string>
			<key>path</key>
			<string>StickiesDocument.m</string>
			<key>sourceTree</key>
			<string>&lt;group&gt;</string>
			<key>lastKnownFileType</key>
			<string>sourcecode.c.objc</string>
		</dict>
		<key>000000000000000000000033</key>
		<dict>
			<key>isa</key>
			<string>PBXFileReference</string>
			<key>path</key>
			<string>LinkingEditor_Indentation.m</string>
			<key>sourceTree</key>
			<string>&lt;group&gt;</string>
			<key>lastKnownFileType</key>
			<string>sourcecode.c.objc</string>
		</dict>
		<key>000000000000000000000034</key>
		<dict>
			<key>isa</key>
			<string>PBXFileReference</string>
			<key>path</key>
			<string>BlorPasswordRetriever.m</string>
			<key>sourceTree</key>
			<string>&lt;group&gt;</string>
			<key>lastKnownFileType</key>
			<string>sourcecode.c.objc</string>
		</dict>
		<key>000000000000000000000035</key>
		<dict>
			<key>isa</key>
			<string>PBXFileReference</string>
			<key>path</key>
			<string>idea_ossl.c</string>
			<key>sourceTree</key>
			<string>&lt;group&gt;</string>
			<key>lastKnownFileType</key>
			<string>sourcecode.c.c</string>
		</dict>
		<key>000000000000000000000036</key>
		<dict>
			<key>isa</key>
			<string>PBXFileReference</string>
			<key>path</key>
			<string>broken_md5.c</string>
			<key>sourceTree</key>
			<string>&lt;group&gt;</string>
			<key>lastKnownFileType</key>
			<string>sourcecode.c.c</string>
		</dict>
		<key>000000000000000000000037</key>
		<dict>
			<key>isa</key>
			<string>PBXFileReference</string>
			<key>path</key>
			<string>FSExchangeObjectsCompat.c</string>
			<key>sourceTree</key>
			<string>&lt;group&gt;</string>
			<key>lastKnownFileType</key>
			<string>sourcecode.c.c</string>
		</dict>
		<key>000000000000000000000038</key>
		<dict>
			<key>isa</key>
			<string>PBXFileReference</string>
			<key>path</key>
			<string>MultiplePageView.m</string>
			<key>sourceTree</key>
			<string>&lt;group&gt;</string>
			<key>lastKnownFileType</key>
			<string>sourcecode.c.objc</string>
		</dict>
		<key>000000000000000000000039</key>
		<dict>
			<key>isa</key>
			<string>PBXFileReference</string>
			<key>path</key>
			<string>ExporterManager.m</string>
			<key>sourceTree</key>
			<string>&lt;group&gt;</string>
			<key>lastKnownFileType</key>
			<string>sourcecode.c.objc</string>
		</dict>
		<key>00000000000000000000003A</key>
		<dict>
			<key>isa</key>
			<string>PBXFileReference</string>
			<key>path</key>
			<string>BookmarksTable.m</string>
			<key>sourceTree</key>
			<string>&lt;group&gt;</string>
			<key>lastKnownFileType</key>
			<string>sourcecode.c.objc</string>
		</dict>
		<key>00000000000000000000003B</key>
		<dict>
			<key>isa</key>
			<string>PBXFileReference</string>
			<key>path</key>
			<string>URLGetter.m</string>
			<key>sourceTree</key>
			<string>&lt;group&gt;</string>
			<key>lastKnownFileType</key>
			<string>sourcecode.c.objc</string>
		</dict>
		<key>00000000000000000000003C</key>
		<dict>
			<key>isa</key>
			<string>PBXFileReference</string>
			<key>path</key>
			<string>BookmarksController.m</string>
			<key>sourceTree</key>
			<string>&lt;group&gt;</string>
			<key>lastKnownFileType</key>
			<string>sourcecode.c.objc</string>
		</dict>
		<key>00000000000000000000003D</key>
		<dict>
			<key>isa</key>
			<string>PBXGroup</string>
			<key>children</key>
			<array>
				<string>00000000000000000000003E</string>
				<string>000000000000000000000053</string>
			</array>
			<key>sourceTree</key>
			<string>&lt;group&gt;</string>
			<key>path</key>
			<string>Integrations</string>
		</dict>
		<key>00000000000000000000003E</key>
		<dict>
			<key>isa</key>
			<string>PBXFileReference</string>
			<key>path</key>
			<string>TemporaryFileCachePreparer.m</string>
			<key>sourceTree</key>
			<string>&lt;group&gt;</string>
			<key>lastKnownFileType</key>
			<string>sourcecode.c.objc</string>
		</dict>
		<key>00000000000000000000003F</key>
		<dict>
			<key>isa</key>
			<string>PBXFileReference</string>
			<key>path</key>
			<string>NVPasswordGenerator.m</string>
			<key>sourceTree</key>
			<string>&lt;group&gt;</string>
			<key>lastKnownFileType</key>
			<string>sourcecode.c.objc</string>
		</dict>
		<key>000000000000000000000040</key>
		<dict>
			<key>isa</key>
			<string>PBXFileReference</string>
			<key>path</key>
			<string>InvocationRecorder.m</string>
			<key>sourceTree</key>
			<string>&lt;group&gt;</string>
			<key>lastKnownFileType</key>
			<string>sourcecode.c.objc</string>
		</dict>
		<key>000000000000000000000041</key>
		<dict>
			<key>isa</key>
			<string>PBXFileReference</string>
			<key>path</key>
			<string>NVSplitView.m</string>
			<key>sourceTree</key>
			<string>&lt;group&gt;</string>
			<key>lastKnownFileType</key>
			<string>sourcecode.c.objc</string>
		</dict>
		<key>000000000000000000000042</key>
		<dict>
			<key>isa</key>
			<string>PBXFileReference</string>
			<key>path</key>
			<string>NVHotKey.m</string>
			<key>sourceTree</key>
			<string>&lt;group&gt;</string>
			<key>lastKnownFileType</key>
			<string>sourcecode.c.objc</string>
		</dict>
		<key>000000000000000000000043</key>
		<dict>
			<key>isa</key>
			<string>PBXFileReference</string>
			<key>path</key>
			<string>NVShortcutRecorder.m</string>
			<key>sourceTree</key>
			<string>&lt;group&gt;</string>
			<key>lastKnownFileType</key>
			<string>sourcecode.c.objc</string>
		</dict>
		<key>000000000000000000000044</key>
		<dict>
			<key>isa</key>
			<string>PBXFileReference</string>
			<key>path</key>
			<string>NotationDirectoryManager.m</string>
			<key>sourceTree</key>
			<string>&lt;group&gt;</string>
			<key>lastKnownFileType</key>
			<string>sourcecode.c.objc</string>
		</dict>
		<key>000000000000000000000045</key>
		<dict>
			<key>isa</key>
			<string>PBXFileReference</string>
			<key>path</key>
			<string>SearchCommand.m</string>
			<key>sourceTree</key>
			<string>&lt;group&gt;</string>
			<key>lastKnownFileType</key>
			<string>sourcecode.c.objc</string>
		</dict>
		<key>000000000000000000000046</key>
		<dict>
			<key>isa</key>
			<string>PBXFileReference</string>
			<key>path</key>
			<string>NSFileManager_NV.m</string>
			<key>sourceTree</key>
			<string>&lt;group&gt;</string>
			<key>lastKnownFileType</key>
			<string>sourcecode.c.objc</string>
		</dict>
		<key>000000000000000000000047</key>
		<dict>
			<key>isa</key>
			<string>PBXFileReference</string>
			<key>path</key>
			<string>AugmentedScrollView.m</string>
			<key>sourceTree</key>
			<string>&lt;group&gt;</string>
			<key>lastKnownFileType</key>
			<string>sourcecode.c.objc</string>
		</dict>
		<key>000000000000000000000048</key>
		<dict>
			<key>isa</key>
			<string>PBXFileReference</string>
			<key>path</key>
			<string>SecureTextEntryManager.m</string>
			<key>sourceTree</key>
			<string>&lt;group&gt;</string>
			<key>lastKnownFileType</key>
			<string>sourcecode.c.objc</string>
		</dict>
		<key>000000000000000000000049</key>
		<dict>
			<key>isa</key>
			<string>PBXFileReference</string>
			<key>path</key>
			<string>NSString_CustomTruncation.m</string>
			<key>sourceTree</key>
			<string>&lt;group&gt;</string>
			<key>lastKnownFileType</key>
			<string>sourcecode.c.objc</string>
		</dict>
		<key>00000000000000000000004A</key>
		<dict>
			<key>isa</key>
			<string>PBXFileReference</string>
			<key>path</key>
			<string>AppController_Importing.m</string>
			<key>sourceTree</key>
			<string>&lt;group&gt;</string>
			<key>lastKnownFileType</key>
			<string>sourcecode.c.objc</string>
		</dict>
		<key>00000000000000000000004B</key>
		<dict>
			<key>isa</key>
			<string>PBXFileReference</string>
			<key>path</key>
			<string>NSBezierPath_NV.m</string>
			<key>sourceTree</key>
			<string>&lt;group&gt;</string>
			<key>lastKnownFileType</key>
			<string>sourcecode.c.objc</string>
		</dict>
		<key>00000000000000000000004C</key>
		<dict>
			<key>isa</key>
			<string>PBXFileReference</string>
			<key>path</key>
			<string>DiskUUIDEntry.m</string>
			<key>sourceTree</key>
			<string>&lt;group&gt;</string>
			<key>lastKnownFileType</key>
			<string>sourcecode.c.objc</string>
		</dict>
		<key>00000000000000000000004D</key>
		<dict>
			<key>isa</key>
			<string>PBXFileReference</string>
			<key>path</key>
			<string>LabelColumnCell.m</string>
			<key>sourceTree</key>
			<string>&lt;group&gt;</string>
			<key>lastKnownFileType</key>
			<string>sourcecode.c.objc</string>
		</dict>
		<key>00000000000000000000004E</key>
		<dict>
			<key>isa</key>
			<string>PBXFileReference</string>
			<key>path</key>
			<string>UnifiedCell.m</string>
			<key>sourceTree</key>
			<string>&lt;group&gt;</string>
			<key>lastKnownFileType</key>
			<string>sourcecode.c.objc</string>
		</dict>
		<key>00000000000000000000004F</key>
		<dict>
			<key>isa</key>
			<string>PBXGroup</string>
			<key>children</key>
			<array>
				<string>000000000000000000000050</string>
			</array>
			<key>sourceTree</key>
			<string>&lt;group&gt;</string>
			<key>name</key>
			<string>Vendor</string>
			<key>path</key>
			<string>../Vendor</string>
		</dict>
		<key>000000000000000000000050</key>
		<dict>
			<key>isa</key>
			<string>PBXGroup</string>
			<key>children</key>
			<array>
				<string>000000000000000000000051</string>
				<string>000000000000000000000052</string>
			</array>
			<key>sourceTree</key>
			<string>&lt;group&gt;</string>
			<key>path</key>
			<string>ODBEditor</string>
		</dict>
		<key>000000000000000000000051</key>
		<dict>
			<key>isa</key>
			<string>PBXFileReference</string>
			<key>path</key>
			<string>ODBEditor.m</string>
			<key>sourceTree</key>
			<string>&lt;group&gt;</string>
			<key>lastKnownFileType</key>
			<string>sourcecode.c.objc</string>
		</dict>
		<key>000000000000000000000052</key>
		<dict>
			<key>isa</key>
			<string>PBXFileReference</string>
			<key>path</key>
			<string>NSAppleEventDescriptor-Extensions.m</string>
			<key>sourceTree</key>
			<string>&lt;group&gt;</string>
			<key>lastKnownFileType</key>
			<string>sourcecode.c.objc</string>
		</dict>
		<key>000000000000000000000053</key>
		<dict>
			<key>isa</key>
			<string>PBXFileReference</string>
			<key>path</key>
			<string>ExternalEditorListController.m</string>
			<key>sourceTree</key>
			<string>&lt;group&gt;</string>
			<key>lastKnownFileType</key>
			<string>sourcecode.c.objc</string>
		</dict>
		<key>000000000000000000000054</key>
		<dict>
			<key>isa</key>
			<string>PBXGroup</string>
			<key>children</key>
			<array>
				<string>000000000000000000000055</string>
				<string>000000000000000000000058</string>
				<string>00000000000000000000005A</string>
				<string>00000000000000000000005E</string>
				<string>000000000000000000000060</string>
				<string>000000000000000000000065</string>
				<string>000000000000000000000067</string>
			</array>
			<key>sourceTree</key>
			<string>&lt;group&gt;</string>
			<key>name</key>
			<string>Tests</string>
			<key>path</key>
			<string>.</string>
		</dict>
		<key>000000000000000000000055</key>
		<dict>
			<key>isa</key>
			<string>PBXGroup</string>
			<key>children</key>
			<array>
				<string>000000000000000000000056</string>
				<string>000000000000000000000062</string>
			</array>
			<key>sourceTree</key>
			<string>&lt;group&gt;</string>
			<key>path</key>
			<string>Notes</string>
		</dict>
		<key>000000000000000000000056</key>
		<dict>
			<key>isa</key>
			<string>PBXGroup</string>
			<key>children</key>
			<array>
				<string>000000000000000000000057</string>
			</array>
			<key>sourceTree</key>
			<string>&lt;group&gt;</string>
			<key>path</key>
			<string>Storage</string>
		</dict>
		<key>000000000000000000000057</key>
		<dict>
			<key>isa</key>
			<string>PBXFileReference</string>
			<key>path</key>
			<string>NativeStorageTests.m</string>
			<key>sourceTree</key>
			<string>&lt;group&gt;</string>
			<key>lastKnownFileType</key>
			<string>sourcecode.c.objc</string>
		</dict>
		<key>000000000000000000000058</key>
		<dict>
			<key>isa</key>
			<string>PBXGroup</string>
			<key>children</key>
			<array>
				<string>000000000000000000000059</string>
				<string>00000000000000000000005C</string>
				<string>00000000000000000000005D</string>
			</array>
			<key>sourceTree</key>
			<string>&lt;group&gt;</string>
			<key>path</key>
			<string>Application</string>
		</dict>
		<key>000000000000000000000059</key>
		<dict>
			<key>isa</key>
			<string>PBXFileReference</string>
			<key>path</key>
			<string>NativeQuitTests.m</string>
			<key>sourceTree</key>
			<string>&lt;group&gt;</string>
			<key>lastKnownFileType</key>
			<string>sourcecode.c.objc</string>
		</dict>
		<key>00000000000000000000005A</key>
		<dict>
			<key>isa</key>
			<string>PBXGroup</string>
			<key>children</key>
			<array>
				<string>00000000000000000000005B</string>
				<string>000000000000000000000064</string>
			</array>
			<key>sourceTree</key>
			<string>&lt;group&gt;</string>
			<key>path</key>
			<string>Resources</string>
		</dict>
		<key>00000000000000000000005B</key>
		<dict>
			<key>isa</key>
			<string>PBXFileReference</string>
			<key>path</key>
			<string>NativeResourceTests.m</string>
			<key>sourceTree</key>
			<string>&lt;group&gt;</string>
			<key>lastKnownFileType</key>
			<string>sourcecode.c.objc</string>
		</dict>
		<key>00000000000000000000005C</key>
		<dict>
			<key>isa</key>
			<string>PBXFileReference</string>
			<key>path</key>
			<string>NativeLinkRoutingTests.m</string>
			<key>sourceTree</key>
			<string>&lt;group&gt;</string>
			<key>lastKnownFileType</key>
			<string>sourcecode.c.objc</string>
		</dict>
		<key>00000000000000000000005D</key>
		<dict>
			<key>isa</key>
			<string>PBXFileReference</string>
			<key>path</key>
			<string>NativeActivationTests.m</string>
			<key>sourceTree</key>
			<string>&lt;group&gt;</string>
			<key>lastKnownFileType</key>
			<string>sourcecode.c.objc</string>
		</dict>
		<key>00000000000000000000005E</key>
		<dict>
			<key>isa</key>
			<string>PBXGroup</string>
			<key>children</key>
			<array>
				<string>00000000000000000000005F</string>
			</array>
			<key>sourceTree</key>
			<string>&lt;group&gt;</string>
			<key>path</key>
			<string>Integrations</string>
		</dict>
		<key>00000000000000000000005F</key>
		<dict>
			<key>isa</key>
			<string>PBXFileReference</string>
			<key>path</key>
			<string>AcceptanceEditorTests.m</string>
			<key>sourceTree</key>
			<string>&lt;group&gt;</string>
			<key>lastKnownFileType</key>
			<string>sourcecode.c.objc</string>
		</dict>
		<key>000000000000000000000060</key>
		<dict>
			<key>isa</key>
			<string>PBXGroup</string>
			<key>children</key>
			<array>
				<string>000000000000000000000061</string>
			</array>
			<key>sourceTree</key>
			<string>&lt;group&gt;</string>
			<key>path</key>
			<string>Preferences</string>
		</dict>
		<key>000000000000000000000061</key>
		<dict>
			<key>isa</key>
			<string>PBXFileReference</string>
			<key>path</key>
			<string>ShortcutRecorderTests.m</string>
			<key>sourceTree</key>
			<string>&lt;group&gt;</string>
			<key>lastKnownFileType</key>
			<string>sourcecode.c.objc</string>
		</dict>
		<key>000000000000000000000062</key>
		<dict>
			<key>isa</key>
			<string>PBXGroup</string>
			<key>children</key>
			<array>
				<string>000000000000000000000063</string>
			</array>
			<key>sourceTree</key>
			<string>&lt;group&gt;</string>
			<key>path</key>
			<string>Model</string>
		</dict>
		<key>000000000000000000000063</key>
		<dict>
			<key>isa</key>
			<string>PBXFileReference</string>
			<key>path</key>
			<string>PreviewTruncationTests.m</string>
			<key>sourceTree</key>
			<string>&lt;group&gt;</string>
			<key>lastKnownFileType</key>
			<string>sourcecode.c.objc</string>
		</dict>
		<key>000000000000000000000064</key>
		<dict>
			<key>isa</key>
			<string>PBXFileReference</string>
			<key>path</key>
			<string>LocalizedLayoutTests.m</string>
			<key>sourceTree</key>
			<string>&lt;group&gt;</string>
			<key>lastKnownFileType</key>
			<string>sourcecode.c.objc</string>
		</dict>
		<key>000000000000000000000065</key>
		<dict>
			<key>isa</key>
			<string>PBXGroup</string>
			<key>children</key>
			<array>
				<string>000000000000000000000066</string>
			</array>
			<key>sourceTree</key>
			<string>&lt;group&gt;</string>
			<key>path</key>
			<string>NoteList</string>
		</dict>
		<key>000000000000000000000066</key>
		<dict>
			<key>isa</key>
			<string>PBXFileReference</string>
			<key>path</key>
			<string>LabelImageTests.m</string>
			<key>sourceTree</key>
			<string>&lt;group&gt;</string>
			<key>lastKnownFileType</key>
			<string>sourcecode.c.objc</string>
		</dict>
		<key>000000000000000000000067</key>
		<dict>
			<key>isa</key>
			<string>PBXGroup</string>
			<key>children</key>
			<array>
				<string>000000000000000000000068</string>
				<string>000000000000000000000069</string>
				<string>00000000000000000000006A</string>
				<string>00000000000000000000006B</string>
				<string>00000000000000000000006C</string>
			</array>
			<key>sourceTree</key>
			<string>&lt;group&gt;</string>
			<key>path</key>
			<string>Support</string>
		</dict>
		<key>000000000000000000000068</key>
		<dict>
			<key>isa</key>
			<string>PBXFileReference</string>
			<key>path</key>
			<string>CompiledNib.m</string>
			<key>sourceTree</key>
			<string>&lt;group&gt;</string>
			<key>lastKnownFileType</key>
			<string>sourcecode.c.objc</string>
		</dict>
		<key>000000000000000000000069</key>
		<dict>
			<key>isa</key>
			<string>PBXFileReference</string>
			<key>path</key>
			<string>AcceptanceEditorSession.m</string>
			<key>sourceTree</key>
			<string>&lt;group&gt;</string>
			<key>lastKnownFileType</key>
			<string>sourcecode.c.objc</string>
		</dict>
		<key>00000000000000000000006A</key>
		<dict>
			<key>isa</key>
			<string>PBXFileReference</string>
			<key>path</key>
			<string>TestPaths.h</string>
			<key>sourceTree</key>
			<string>&lt;group&gt;</string>
			<key>lastKnownFileType</key>
			<string>sourcecode.c.h</string>
		</dict>
		<key>00000000000000000000006B</key>
		<dict>
			<key>isa</key>
			<string>PBXFileReference</string>
			<key>path</key>
			<string>AcceptanceEditorSession.h</string>
			<key>sourceTree</key>
			<string>&lt;group&gt;</string>
			<key>lastKnownFileType</key>
			<string>sourcecode.c.h</string>
		</dict>
		<key>00000000000000000000006C</key>
		<dict>
			<key>isa</key>
			<string>PBXFileReference</string>
			<key>path</key>
			<string>CompiledNib.h</string>
			<key>sourceTree</key>
			<string>&lt;group&gt;</string>
			<key>lastKnownFileType</key>
			<string>sourcecode.c.h</string>
		</dict>
		<key>00000000000000000000006D</key>
		<dict>
			<key>isa</key>
			<string>PBXFileReference</string>
			<key>path</key>
			<string>NativeIntegrationTests.xctest</string>
			<key>sourceTree</key>
			<string>BUILT_PRODUCTS_DIR</string>
			<key>explicitFileType</key>
			<string>wrapper.cfbundle</string>
		</dict>
		<key>00000000000000000000006E</key>
		<dict>
			<key>isa</key>
			<string>PBXBuildFile</string>
			<key>fileRef</key>
			<string>000000000000000000000004</string>
		</dict>
		<key>00000000000000000000006F</key>
		<dict>
			<key>isa</key>
			<string>PBXBuildFile</string>
			<key>fileRef</key>
			<string>000000000000000000000007</string>
		</dict>
		<key>000000000000000000000070</key>
		<dict>
			<key>isa</key>
			<string>PBXBuildFile</string>
			<key>fileRef</key>
			<string>000000000000000000000009</string>
		</dict>
		<key>000000000000000000000071</key>
		<dict>
			<key>isa</key>
			<string>PBXBuildFile</string>
			<key>fileRef</key>
			<string>00000000000000000000000B</string>
		</dict>
		<key>000000000000000000000072</key>
		<dict>
			<key>isa</key>
			<string>PBXBuildFile</string>
			<key>fileRef</key>
			<string>00000000000000000000000D</string>
		</dict>
		<key>000000000000000000000073</key>
		<dict>
			<key>isa</key>
			<string>PBXBuildFile</string>
			<key>fileRef</key>
			<string>00000000000000000000000E</string>
		</dict>
		<key>000000000000000000000074</key>
		<dict>
			<key>isa</key>
			<string>PBXBuildFile</string>
			<key>fileRef</key>
			<string>000000000000000000000010</string>
		</dict>
		<key>000000000000000000000075</key>
		<dict>
			<key>isa</key>
			<string>PBXBuildFile</string>
			<key>fileRef</key>
			<string>000000000000000000000011</string>
		</dict>
		<key>000000000000000000000076</key>
		<dict>
			<key>isa</key>
			<string>PBXBuildFile</string>
			<key>fileRef</key>
			<string>000000000000000000000013</string>
		</dict>
		<key>000000000000000000000077</key>
		<dict>
			<key>isa</key>
			<string>PBXBuildFile</string>
			<key>fileRef</key>
			<string>000000000000000000000014</string>
		</dict>
		<key>000000000000000000000078</key>
		<dict>
			<key>isa</key>
			<string>PBXBuildFile</string>
			<key>fileRef</key>
			<string>000000000000000000000016</string>
		</dict>
		<key>000000000000000000000079</key>
		<dict>
			<key>isa</key>
			<string>PBXBuildFile</string>
			<key>fileRef</key>
			<string>000000000000000000000017</string>
		</dict>
		<key>00000000000000000000007A</key>
		<dict>
			<key>isa</key>
			<string>PBXBuildFile</string>
			<key>fileRef</key>
			<string>000000000000000000000018</string>
		</dict>
		<key>00000000000000000000007B</key>
		<dict>
			<key>isa</key>
			<string>PBXBuildFile</string>
			<key>fileRef</key>
			<string>000000000000000000000019</string>
		</dict>
		<key>00000000000000000000007C</key>
		<dict>
			<key>isa</key>
			<string>PBXBuildFile</string>
			<key>fileRef</key>
			<string>00000000000000000000001A</string>
		</dict>
		<key>00000000000000000000007D</key>
		<dict>
			<key>isa</key>
			<string>PBXBuildFile</string>
			<key>fileRef</key>
			<string>00000000000000000000001B</string>
		</dict>
		<key>00000000000000000000007E</key>
		<dict>
			<key>isa</key>
			<string>PBXBuildFile</string>
			<key>fileRef</key>
			<string>00000000000000000000001C</string>
		</dict>
		<key>00000000000000000000007F</key>
		<dict>
			<key>isa</key>
			<string>PBXBuildFile</string>
			<key>fileRef</key>
			<string>00000000000000000000001D</string>
		</dict>
		<key>000000000000000000000080</key>
		<dict>
			<key>isa</key>
			<string>PBXBuildFile</string>
			<key>fileRef</key>
			<string>00000000000000000000001E</string>
		</dict>
		<key>000000000000000000000081</key>
		<dict>
			<key>isa</key>
			<string>PBXBuildFile</string>
			<key>fileRef</key>
			<string>00000000000000000000001F</string>
		</dict>
		<key>000000000000000000000082</key>
		<dict>
			<key>isa</key>
			<string>PBXBuildFile</string>
			<key>fileRef</key>
			<string>000000000000000000000021</string>
		</dict>
		<key>000000000000000000000083</key>
		<dict>
			<key>isa</key>
			<string>PBXBuildFile</string>
			<key>fileRef</key>
			<string>000000000000000000000022</string>
		</dict>
		<key>000000000000000000000084</key>
		<dict>
			<key>isa</key>
			<string>PBXBuildFile</string>
			<key>fileRef</key>
			<string>000000000000000000000023</string>
		</dict>
		<key>000000000000000000000085</key>
		<dict>
			<key>isa</key>
			<string>PBXBuildFile</string>
			<key>fileRef</key>
			<string>000000000000000000000024</string>
		</dict>
		<key>000000000000000000000086</key>
		<dict>
			<key>isa</key>
			<string>PBXBuildFile</string>
			<key>fileRef</key>
			<string>000000000000000000000025</string>
		</dict>
		<key>000000000000000000000087</key>
		<dict>
			<key>isa</key>
			<string>PBXBuildFile</string>
			<key>fileRef</key>
			<string>000000000000000000000026</string>
		</dict>
		<key>000000000000000000000088</key>
		<dict>
			<key>isa</key>
			<string>PBXBuildFile</string>
			<key>fileRef</key>
			<string>000000000000000000000027</string>
		</dict>
		<key>000000000000000000000089</key>
		<dict>
			<key>isa</key>
			<string>PBXBuildFile</string>
			<key>fileRef</key>
			<string>000000000000000000000029</string>
		</dict>
		<key>00000000000000000000008A</key>
		<dict>
			<key>isa</key>
			<string>PBXBuildFile</string>
			<key>fileRef</key>
			<string>00000000000000000000002A</string>
		</dict>
		<key>00000000000000000000008B</key>
		<dict>
			<key>isa</key>
			<string>PBXBuildFile</string>
			<key>fileRef</key>
			<string>00000000000000000000002B</string>
		</dict>
		<key>00000000000000000000008C</key>
		<dict>
			<key>isa</key>
			<string>PBXBuildFile</string>
			<key>fileRef</key>
			<string>00000000000000000000002C</string>
		</dict>
		<key>00000000000000000000008D</key>
		<dict>
			<key>isa</key>
			<string>PBXBuildFile</string>
			<key>fileRef</key>
			<string>00000000000000000000002D</string>
		</dict>
		<key>00000000000000000000008E</key>
		<dict>
			<key>isa</key>
			<string>PBXBuildFile</string>
			<key>fileRef</key>
			<string>00000000000000000000002E</string>
		</dict>
		<key>00000000000000000000008F</key>
		<dict>
			<key>isa</key>
			<string>PBXBuildFile</string>
			<key>fileRef</key>
			<string>00000000000000000000002F</string>
		</dict>
		<key>000000000000000000000090</key>
		<dict>
			<key>isa</key>
			<string>PBXBuildFile</string>
			<key>fileRef</key>
			<string>000000000000000000000030</string>
		</dict>
		<key>000000000000000000000091</key>
		<dict>
			<key>isa</key>
			<string>PBXBuildFile</string>
			<key>fileRef</key>
			<string>000000000000000000000031</string>
		</dict>
		<key>000000000000000000000092</key>
		<dict>
			<key>isa</key>
			<string>PBXBuildFile</string>
			<key>fileRef</key>
			<string>000000000000000000000032</string>
		</dict>
		<key>000000000000000000000093</key>
		<dict>
			<key>isa</key>
			<string>PBXBuildFile</string>
			<key>fileRef</key>
			<string>000000000000000000000033</string>
		</dict>
		<key>000000000000000000000094</key>
		<dict>
			<key>isa</key>
			<string>PBXBuildFile</string>
			<key>fileRef</key>
			<string>000000000000000000000034</string>
		</dict>
		<key>000000000000000000000095</key>
		<dict>
			<key>isa</key>
			<string>PBXBuildFile</string>
			<key>fileRef</key>
			<string>000000000000000000000035</string>
		</dict>
		<key>000000000000000000000096</key>
		<dict>
			<key>isa</key>
			<string>PBXBuildFile</string>
			<key>fileRef</key>
			<string>000000000000000000000036</string>
		</dict>
		<key>000000000000000000000097</key>
		<dict>
			<key>isa</key>
			<string>PBXBuildFile</string>
			<key>fileRef</key>
			<string>000000000000000000000037</string>
		</dict>
		<key>000000000000000000000098</key>
		<dict>
			<key>isa</key>
			<string>PBXBuildFile</string>
			<key>fileRef</key>
			<string>000000000000000000000038</string>
		</dict>
		<key>000000000000000000000099</key>
		<dict>
			<key>isa</key>
			<string>PBXBuildFile</string>
			<key>fileRef</key>
			<string>000000000000000000000039</string>
		</dict>
		<key>00000000000000000000009A</key>
		<dict>
			<key>isa</key>
			<string>PBXBuildFile</string>
			<key>fileRef</key>
			<string>00000000000000000000003A</string>
		</dict>
		<key>00000000000000000000009B</key>
		<dict>
			<key>isa</key>
			<string>PBXBuildFile</string>
			<key>fileRef</key>
			<string>00000000000000000000003B</string>
		</dict>
		<key>00000000000000000000009C</key>
		<dict>
			<key>isa</key>
			<string>PBXBuildFile</string>
			<key>fileRef</key>
			<string>00000000000000000000003C</string>
		</dict>
		<key>00000000000000000000009D</key>
		<dict>
			<key>isa</key>
			<string>PBXBuildFile</string>
			<key>fileRef</key>
			<string>00000000000000000000003E</string>
		</dict>
		<key>00000000000000000000009E</key>
		<dict>
			<key>isa</key>
			<string>PBXBuildFile</string>
			<key>fileRef</key>
			<string>00000000000000000000003F</string>
		</dict>
		<key>00000000000000000000009F</key>
		<dict>
			<key>isa</key>
			<string>PBXBuildFile</string>
			<key>fileRef</key>
			<string>000000000000000000000040</string>
		</dict>
		<key>0000000000000000000000A0</key>
		<dict>
			<key>isa</key>
			<string>PBXBuildFile</string>
			<key>fileRef</key>
			<string>000000000000000000000041</string>
		</dict>
		<key>0000000000000000000000A1</key>
		<dict>
			<key>isa</key>
			<string>PBXBuildFile</string>
			<key>fileRef</key>
			<string>000000000000000000000042</string>
		</dict>
		<key>0000000000000000000000A2</key>
		<dict>
			<key>isa</key>
			<string>PBXBuildFile</string>
			<key>fileRef</key>
			<string>000000000000000000000043</string>
		</dict>
		<key>0000000000000000000000A3</key>
		<dict>
			<key>isa</key>
			<string>PBXBuildFile</string>
			<key>fileRef</key>
			<string>000000000000000000000044</string>
		</dict>
		<key>0000000000000000000000A4</key>
		<dict>
			<key>isa</key>
			<string>PBXBuildFile</string>
			<key>fileRef</key>
			<string>000000000000000000000045</string>
		</dict>
		<key>0000000000000000000000A5</key>
		<dict>
			<key>isa</key>
			<string>PBXBuildFile</string>
			<key>fileRef</key>
			<string>000000000000000000000046</string>
		</dict>
		<key>0000000000000000000000A6</key>
		<dict>
			<key>isa</key>
			<string>PBXBuildFile</string>
			<key>fileRef</key>
			<string>000000000000000000000047</string>
		</dict>
		<key>0000000000000000000000A7</key>
		<dict>
			<key>isa</key>
			<string>PBXBuildFile</string>
			<key>fileRef</key>
			<string>000000000000000000000048</string>
		</dict>
		<key>0000000000000000000000A8</key>
		<dict>
			<key>isa</key>
			<string>PBXBuildFile</string>
			<key>fileRef</key>
			<string>000000000000000000000049</string>
		</dict>
		<key>0000000000000000000000A9</key>
		<dict>
			<key>isa</key>
			<string>PBXBuildFile</string>
			<key>fileRef</key>
			<string>00000000000000000000004A</string>
		</dict>
		<key>0000000000000000000000AA</key>
		<dict>
			<key>isa</key>
			<string>PBXBuildFile</string>
			<key>fileRef</key>
			<string>00000000000000000000004B</string>
		</dict>
		<key>0000000000000000000000AB</key>
		<dict>
			<key>isa</key>
			<string>PBXBuildFile</string>
			<key>fileRef</key>
			<string>00000000000000000000004C</string>
		</dict>
		<key>0000000000000000000000AC</key>
		<dict>
			<key>isa</key>
			<string>PBXBuildFile</string>
			<key>fileRef</key>
			<string>00000000000000000000004D</string>
		</dict>
		<key>0000000000000000000000AD</key>
		<dict>
			<key>isa</key>
			<string>PBXBuildFile</string>
			<key>fileRef</key>
			<string>00000000000000000000004E</string>
		</dict>
		<key>0000000000000000000000AE</key>
		<dict>
			<key>isa</key>
			<string>PBXBuildFile</string>
			<key>fileRef</key>
			<string>000000000000000000000051</string>
		</dict>
		<key>0000000000000000000000AF</key>
		<dict>
			<key>isa</key>
			<string>PBXBuildFile</string>
			<key>fileRef</key>
			<string>000000000000000000000052</string>
		</dict>
		<key>0000000000000000000000B0</key>
		<dict>
			<key>isa</key>
			<string>PBXBuildFile</string>
			<key>fileRef</key>
			<string>000000000000000000000053</string>
		</dict>
		<key>0000000000000000000000B1</key>
		<dict>
			<key>isa</key>
			<string>PBXBuildFile</string>
			<key>fileRef</key>
			<string>000000000000000000000057</string>
		</dict>
		<key>0000000000000000000000B2</key>
		<dict>
			<key>isa</key>
			<string>PBXBuildFile</string>
			<key>fileRef</key>
			<string>000000000000000000000059</string>
		</dict>
		<key>0000000000000000000000B3</key>
		<dict>
			<key>isa</key>
			<string>PBXBuildFile</string>
			<key>fileRef</key>
			<string>00000000000000000000005B</string>
		</dict>
		<key>0000000000000000000000B4</key>
		<dict>
			<key>isa</key>
			<string>PBXBuildFile</string>
			<key>fileRef</key>
			<string>00000000000000000000005C</string>
		</dict>
		<key>0000000000000000000000B5</key>
		<dict>
			<key>isa</key>
			<string>PBXBuildFile</string>
			<key>fileRef</key>
			<string>00000000000000000000005D</string>
		</dict>
		<key>0000000000000000000000B6</key>
		<dict>
			<key>isa</key>
			<string>PBXBuildFile</string>
			<key>fileRef</key>
			<string>00000000000000000000005F</string>
		</dict>
		<key>0000000000000000000000B7</key>
		<dict>
			<key>isa</key>
			<string>PBXBuildFile</string>
			<key>fileRef</key>
			<string>000000000000000000000061</string>
		</dict>
		<key>0000000000000000000000B8</key>
		<dict>
			<key>isa</key>
			<string>PBXBuildFile</string>
			<key>fileRef</key>
			<string>000000000000000000000063</string>
		</dict>
		<key>0000000000000000000000B9</key>
		<dict>
			<key>isa</key>
			<string>PBXBuildFile</string>
			<key>fileRef</key>
			<string>000000000000000000000064</string>
		</dict>
		<key>0000000000000000000000BA</key>
		<dict>
			<key>isa</key>
			<string>PBXBuildFile</string>
			<key>fileRef</key>
			<string>000000000000000000000066</string>
		</dict>
		<key>0000000000000000000000BB</key>
		<dict>
			<key>isa</key>
			<string>PBXBuildFile</string>
			<key>fileRef</key>
			<string>000000000000000000000068</string>
		</dict>
		<key>0000000000000000000000BC</key>
		<dict>
			<key>isa</key>
			<string>PBXBuildFile</string>
			<key>fileRef</key>
			<string>000000000000000000000069</string>
		</dict>
		<key>0000000000000000000000BD</key>
		<dict>
			<key>isa</key>
			<string>PBXSourcesBuildPhase</string>
			<key>buildActionMask</key>
			<integer>2147483647</integer>
			<key>files</key>
			<array>
				<string>00000000000000000000006E</string>
				<string>00000000000000000000006F</string>
				<string>000000000000000000000070</string>
				<string>000000000000000000000071</string>
				<string>000000000000000000000072</string>
				<string>000000000000000000000073</string>
				<string>000000000000000000000074</string>
				<string>000000000000000000000075</string>
				<string>000000000000000000000076</string>
				<string>000000000000000000000077</string>
				<string>000000000000000000000078</string>
				<string>000000000000000000000079</string>
				<string>00000000000000000000007A</string>
				<string>00000000000000000000007B</string>
				<string>00000000000000000000007C</string>
				<string>00000000000000000000007D</string>
				<string>00000000000000000000007E</string>
				<string>00000000000000000000007F</string>
				<string>000000000000000000000080</string>
				<string>000000000000000000000081</string>
				<string>000000000000000000000082</string>
				<string>000000000000000000000083</string>
				<string>000000000000000000000084</string>
				<string>000000000000000000000085</string>
				<string>000000000000000000000086</string>
				<string>000000000000000000000087</string>
				<string>000000000000000000000088</string>
				<string>000000000000000000000089</string>
				<string>00000000000000000000008A</string>
				<string>00000000000000000000008B</string>
				<string>00000000000000000000008C</string>
				<string>00000000000000000000008D</string>
				<string>00000000000000000000008E</string>
				<string>00000000000000000000008F</string>
				<string>000000000000000000000090</string>
				<string>000000000000000000000091</string>
				<string>000000000000000000000092</string>
				<string>000000000000000000000093</string>
				<string>000000000000000000000094</string>
				<string>000000000000000000000095</string>
				<string>000000000000000000000096</string>
				<string>000000000000000000000097</string>
				<string>000000000000000000000098</string>
				<string>000000000000000000000099</string>
				<string>00000000000000000000009A</string>
				<string>00000000000000000000009B</string>
				<string>00000000000000000000009C</string>
				<string>00000000000000000000009D</string>
				<string>00000000000000000000009E</string>
				<string>00000000000000000000009F</string>
				<string>0000000000000000000000A0</string>
				<string>0000000000000000000000A1</string>
				<string>0000000000000000000000A2</string>
				<string>0000000000000000000000A3</string>
				<string>0000000000000000000000A4</string>
				<string>0000000000000000000000A5</string>
				<string>0000000000000000000000A6</string>
				<string>0000000000000000000000A7</string>
				<string>0000000000000000000000A8</string>
				<string>0000000000000000000000A9</string>
				<string>0000000000000000000000AA</string>
				<string>0000000000000000000000AB</string>
				<string>0000000000000000000000AC</string>
				<string>0000000000000000000000AD</string>
				<string>0000000000000000000000AE</string>
				<string>0000000000000000000000AF</string>
				<string>0000000000000000000000B0</string>
				<string>0000000000000000000000B1</string>
				<string>0000000000000000000000B2</string>
				<string>0000000000000000000000B3</string>
				<string>0000000000000000000000B4</string>
				<string>0000000000000000000000B5</string>
				<string>0000000000000000000000B6</string>
				<string>0000000000000000000000B7</string>
				<string>0000000000000000000000B8</string>
				<string>0000000000000000000000B9</string>
				<string>0000000000000000000000BA</string>
				<string>0000000000000000000000BB</string>
				<string>0000000000000000000000BC</string>
			</array>
			<key>runOnlyForDeploymentPostprocessing</key>
			<integer>0</integer>
		</dict>
		<key>0000000000000000000000BE</key>
		<dict>
			<key>isa</key>
			<string>PBXFrameworksBuildPhase</string>
			<key>buildActionMask</key>
			<integer>2147483647</integer>
			<key>files</key>
			<array/>
			<key>runOnlyForDeploymentPostprocessing</key>
			<integer>0</integer>
		</dict>
		<key>0000000000000000000000BF</key>
		<dict>
			<key>isa</key>
			<string>XCBuildConfiguration</string>
			<key>name</key>
			<string>Debug</string>
			<key>buildSettings</key>
			<dict>
				<key>ARCHS</key>
				<string>arm64</string>
				<key>SDKROOT</key>
				<string>macosx</string>
				<key>MACOSX_DEPLOYMENT_TARGET</key>
				<string>15.0</string>
				<key>CLANG_ENABLE_OBJC_ARC</key>
				<string>NO</string>
				<key>GCC_PREFIX_HEADER</key>
				<string>$(SRCROOT)/../Configuration/Notation_Prefix.pch</string>
				<key>HEADER_SEARCH_PATHS</key>
				<array>
					<string>$(inherited)</string>
					<string>$(SRCROOT)/../Vendor</string>
					<string>$(SRCROOT)/../Sources/Application</string>
					<string>$(SRCROOT)/../Sources/Notes/Model</string>
					<string>$(SRCROOT)/../Sources/Notes/Storage</string>
					<string>$(SRCROOT)/../Sources/Notes/Storage/Crypto</string>
					<string>$(SRCROOT)/../Sources/Notes/Storage/Crypto/Legacy</string>
					<string>$(SRCROOT)/../Sources/Editor</string>
					<string>$(SRCROOT)/../Sources/NoteList</string>
					<string>$(SRCROOT)/../Sources/Preferences</string>
					<string>$(SRCROOT)/../Sources/Interchange</string>
					<string>$(SRCROOT)/../Sources/Integrations</string>
					<string>$(SRCROOT)/../Sources/Support</string>
					<string>$(SRCROOT)/../Vendor/ODBEditor</string>
					<string>$(SRCROOT)/Support</string>
				</array>
				<key>GENERATE_INFOPLIST_FILE</key>
				<string>YES</string>
				<key>PRODUCT_BUNDLE_IDENTIFIER</key>
				<string>net.notational.velocity.native-tests</string>
				<key>PRODUCT_NAME</key>
				<string>NativeIntegrationTests</string>
				<key>FRAMEWORK_SEARCH_PATHS</key>
				<string>$(PLATFORM_DIR)/Developer/Library/Frameworks</string>
				<key>OTHER_LDFLAGS</key>
				<array>
					<string>-framework</string>
					<string>XCTest</string>
					<string>-framework</string>
					<string>Cocoa</string>
					<string>-framework</string>
					<string>UniformTypeIdentifiers</string>
					<string>-framework</string>
					<string>Carbon</string>
					<string>-framework</string>
					<string>CoreServices</string>
					<string>-framework</string>
					<string>SecurityInterface</string>
					<string>-framework</string>
					<string>Security</string>
					<string>-framework</string>
					<string>WebKit</string>
					<string>-framework</string>
					<string>ApplicationServices</string>
					<string>-framework</string>
					<string>SystemConfiguration</string>
					<string>-framework</string>
					<string>IOKit</string>
					<string>-framework</string>
					<string>PDFKit</string>
					<string>-lz</string>
				</array>
				<key>ALWAYS_SEARCH_USER_PATHS</key>
				<string>NO</string>
				<key>GCC_OPTIMIZATION_LEVEL</key>
				<string>0</string>
			</dict>
		</dict>
		<key>0000000000000000000000C0</key>
		<dict>
			<key>isa</key>
			<string>XCBuildConfiguration</string>
			<key>name</key>
			<string>Release</string>
			<key>buildSettings</key>
			<dict>
				<key>ARCHS</key>
				<string>arm64</string>
				<key>SDKROOT</key>
				<string>macosx</string>
				<key>MACOSX_DEPLOYMENT_TARGET</key>
				<string>15.0</string>
				<key>CLANG_ENABLE_OBJC_ARC</key>
				<string>NO</string>
				<key>GCC_PREFIX_HEADER</key>
				<string>$(SRCROOT)/../Configuration/Notation_Prefix.pch</string>
				<key>HEADER_SEARCH_PATHS</key>
				<array>
					<string>$(inherited)</string>
					<string>$(SRCROOT)/../Vendor</string>
					<string>$(SRCROOT)/../Sources/Application</string>
					<string>$(SRCROOT)/../Sources/Notes/Model</string>
					<string>$(SRCROOT)/../Sources/Notes/Storage</string>
					<string>$(SRCROOT)/../Sources/Notes/Storage/Crypto</string>
					<string>$(SRCROOT)/../Sources/Notes/Storage/Crypto/Legacy</string>
					<string>$(SRCROOT)/../Sources/Editor</string>
					<string>$(SRCROOT)/../Sources/NoteList</string>
					<string>$(SRCROOT)/../Sources/Preferences</string>
					<string>$(SRCROOT)/../Sources/Interchange</string>
					<string>$(SRCROOT)/../Sources/Integrations</string>
					<string>$(SRCROOT)/../Sources/Support</string>
					<string>$(SRCROOT)/../Vendor/ODBEditor</string>
					<string>$(SRCROOT)/Support</string>
				</array>
				<key>GENERATE_INFOPLIST_FILE</key>
				<string>YES</string>
				<key>PRODUCT_BUNDLE_IDENTIFIER</key>
				<string>net.notational.velocity.native-tests</string>
				<key>PRODUCT_NAME</key>
				<string>NativeIntegrationTests</string>
				<key>FRAMEWORK_SEARCH_PATHS</key>
				<string>$(PLATFORM_DIR)/Developer/Library/Frameworks</string>
				<key>OTHER_LDFLAGS</key>
				<array>
					<string>-framework</string>
					<string>XCTest</string>
					<string>-framework</string>
					<string>Cocoa</string>
					<string>-framework</string>
					<string>UniformTypeIdentifiers</string>
					<string>-framework</string>
					<string>Carbon</string>
					<string>-framework</string>
					<string>CoreServices</string>
					<string>-framework</string>
					<string>SecurityInterface</string>
					<string>-framework</string>
					<string>Security</string>
					<string>-framework</string>
					<string>WebKit</string>
					<string>-framework</string>
					<string>ApplicationServices</string>
					<string>-framework</string>
					<string>SystemConfiguration</string>
					<string>-framework</string>
					<string>IOKit</string>
					<string>-framework</string>
					<string>PDFKit</string>
					<string>-lz</string>
				</array>
				<key>ALWAYS_SEARCH_USER_PATHS</key>
				<string>NO</string>
				<key>GCC_OPTIMIZATION_LEVEL</key>
				<string>0</string>
			</dict>
		</dict>
		<key>0000000000000000000000C1</key>
		<dict>
			<key>isa</key>
			<string>XCConfigurationList</string>
			<key>buildConfigurations</key>
			<array>
				<string>0000000000000000000000BF</string>
				<string>0000000000000000000000C0</string>
			</array>
			<key>defaultConfigurationIsVisible</key>
			<integer>0</integer>
			<key>defaultConfigurationName</key>
			<string>Debug</string>
		</dict>
		<key>0000000000000000000000C2</key>
		<dict>
			<key>isa</key>
			<string>PBXNativeTarget</string>
			<key>buildConfigurationList</key>
			<string>0000000000000000000000C1</string>
			<key>buildPhases</key>
			<array>
				<string>0000000000000000000000BD</string>
				<string>0000000000000000000000BE</string>
			</array>
			<key>buildRules</key>
			<array/>
			<key>dependencies</key>
			<array/>
			<key>name</key>
			<string>NativeIntegrationTests</string>
			<key>productName</key>
			<string>NativeIntegrationTests</string>
			<key>productReference</key>
			<string>00000000000000000000006D</string>
			<key>productType</key>
			<string>com.apple.product-type.bundle.unit-test</string>
		</dict>
		<key>0000000000000000000000C3</key>
		<dict>
			<key>isa</key>
			<string>XCBuildConfiguration</string>
			<key>name</key>
			<string>Debug</string>
			<key>buildSettings</key>
			<dict/>
		</dict>
		<key>0000000000000000000000C4</key>
		<dict>
			<key>isa</key>
			<string>XCBuildConfiguration</string>
			<key>name</key>
			<string>Release</string>
			<key>buildSettings</key>
			<dict/>
		</dict>
		<key>0000000000000000000000C5</key>
		<dict>
			<key>isa</key>
			<string>XCConfigurationList</string>
			<key>buildConfigurations</key>
			<array>
				<string>0000000000000000000000C3</string>
				<string>0000000000000000000000C4</string>
			</array>
			<key>defaultConfigurationIsVisible</key>
			<integer>0</integer>
			<key>defaultConfigurationName</key>
			<string>Debug</string>
		</dict>
		<key>0000000000000000000000C6</key>
		<dict>
			<key>isa</key>
			<string>PBXProject</string>
			<key>buildConfigurationList</key>
			<string>0000000000000000000000C5</string>
			<key>compatibilityVersion</key>
			<string>Xcode 14.0</string>
			<key>developmentRegion</key>
			<string>en</string>
			<key>knownRegions</key>
			<array>
				<string>en</string>
			</array>
			<key>mainGroup</key>
			<string>000000000000000000000001</string>
			<key>projectDirPath</key>
			<string></string>
			<key>projectRoot</key>
			<string></string>
			<key>targets</key>
			<array>
				<string>0000000000000000000000C2</string>
			</array>
		</dict>
	</dict>
	<key>rootObject</key>
	<string>0000000000000000000000C6</string>
</dict>
</plist>
